
Microsoft Visual Studio Solution File, Format Version 12.00
# Visual Studio Version 17
VisualStudioVersion = 17.14.36414.22 d17.14
MinimumVisualStudioVersion = 10.0.40219.1
Project("{FAE04EC0-301F-11D3-BF4B-00C04F79EFBC}") = "TextEditor", "TextEditor.csproj", "{27B92E0A-C1AB-4C24-871C-E8F53D285A00}"
EndProject
Global
	GlobalSection(SolutionConfigurationPlatforms) = preSolution
		Debug|Any CPU = Debug|Any CPU
		Release|Any CPU = Release|Any CPU
	EndGlobalSection
	GlobalSection(ProjectConfigurationPlatforms) = postSolution
		{27B92E0A-C1AB-4C24-871C-E8F53D285A00}.Debug|Any CPU.ActiveCfg = Debug|Any CPU
		{27B92E0A-C1AB-4C24-871C-E8F53D285A00}.Debug|Any CPU.Build.0 = Debug|Any CPU
		{27B92E0A-C1AB-4C24-871C-E8F53D285A00}.Release|Any CPU.ActiveCfg = Release|Any CPU
		{27B92E0A-C1AB-4C24-871C-E8F53D285A00}.Release|Any CPU.Build.0 = Release|Any CPU
	EndGlobalSection
	GlobalSection(SolutionProperties) = preSolution
		HideSolutionNode = FALSE
	EndGlobalSection
	GlobalSection(ExtensibilityGlobals) = postSolution
		SolutionGuid = {3A3B4687-70CF-4780-BD38-1CEB8190A157}
	EndGlobalSection
EndGlobal
